
Microsoft Visual Studio Solution File, Format Version 12.00
# Visual Studio Version 16
VisualStudioVersion = 16.0.29709.97
MinimumVisualStudioVersion = 10.0.40219.1
Project("{FAE04EC0-301F-11D3-BF4B-00C04F79EFBC}") = "EXAM3", "EXAM3.csproj", "{04617653-010D-4669-84DD-2717685FDE79}"
EndProject
Global
	GlobalSection(SolutionConfigurationPlatforms) = preSolution
		Debug|Any CPU = Debug|Any CPU
		Release|Any CPU = Release|Any CPU
	EndGlobalSection
	GlobalSection(ProjectConfigurationPlatforms) = postSolution
		{04617653-010D-4669-84DD-2717685FDE79}.Debug|Any CPU.ActiveCfg = Debug|Any CPU
		{04617653-010D-4669-84DD-2717685FDE79}.Debug|Any CPU.Build.0 = Debug|Any CPU
		{04617653-010D-4669-84DD-2717685FDE79}.Release|Any CPU.ActiveCfg = Release|Any CPU
		{04617653-010D-4669-84DD-2717685FDE79}.Release|Any CPU.Build.0 = Release|Any CPU
	EndGlobalSection
	GlobalSection(SolutionProperties) = preSolution
		HideSolutionNode = FALSE
	EndGlobalSection
	GlobalSection(ExtensibilityGlobals) = postSolution
		SolutionGuid = {C6BCBB28-0970-4151-9DBE-9D3D1C5A6A21}
	EndGlobalSection
EndGlobal
